
Microsoft Visual Studio Solution File, Format Version 12.00
# Visual Studio Version 16
VisualStudioVersion = 16.0.36128.20
MinimumVisualStudioVersion = 10.0.40219.1
Project("{FAE04EC0-301F-11D3-BF4B-00C04F79EFBC}") = "Excel_Bus", "Excel_Bus\Excel_Bus.csproj", "{27AE0E24-96FF-48EB-8396-092E771D83CF}"
EndProject
Global
	GlobalSection(SolutionConfigurationPlatforms) = preSolution
		Debug|Any CPU = Debug|Any CPU
		Release|Any CPU = Release|Any CPU
	EndGlobalSection
	GlobalSection(ProjectConfigurationPlatforms) = postSolution
		{27AE0E24-96FF-48EB-8396-092E771D83CF}.Debug|Any CPU.ActiveCfg = Debug|Any CPU
		{27AE0E24-96FF-48EB-8396-092E771D83CF}.Debug|Any CPU.Build.0 = Debug|Any CPU
		{27AE0E24-96FF-48EB-8396-092E771D83CF}.Release|Any CPU.ActiveCfg = Release|Any CPU
		{27AE0E24-96FF-48EB-8396-092E771D83CF}.Release|Any CPU.Build.0 = Release|Any CPU
	EndGlobalSection
	GlobalSection(SolutionProperties) = preSolution
		HideSolutionNode = FALSE
	EndGlobalSection
	GlobalSection(ExtensibilityGlobals) = postSolution
		SolutionGuid = {61243B5E-D418-40A3-82DD-BBA638207475}
	EndGlobalSection
EndGlobal
